
Microsoft Visual Studio Solution File, Format Version 12.00
# Visual Studio 15
VisualStudioVersion = 15.0.28307.329
MinimumVisualStudioVersion = 10.0.40219.1
Project("{FAE04EC0-301F-11D3-BF4B-00C04F79EFBC}") = "MES.SignalRConsoleClient", "MES.SignalRConsoleClient\MES.SignalRConsoleClient.csproj", "{FE4EEE42-7FC3-4E1A-B684-93819591D810}"
EndProject
Global
	GlobalSection(SolutionConfigurationPlatforms) = preSolution
		Debug|Any CPU = Debug|Any CPU
		Release|Any CPU = Release|Any CPU
	EndGlobalSection
	GlobalSection(ProjectConfigurationPlatforms) = postSolution
		{FE4EEE42-7FC3-4E1A-B684-93819591D810}.Debug|Any CPU.ActiveCfg = Debug|Any CPU
		{FE4EEE42-7FC3-4E1A-B684-93819591D810}.Debug|Any CPU.Build.0 = Debug|Any CPU
		{FE4EEE42-7FC3-4E1A-B684-93819591D810}.Release|Any CPU.ActiveCfg = Release|Any CPU
		{FE4EEE42-7FC3-4E1A-B684-93819591D810}.Release|Any CPU.Build.0 = Release|Any CPU
	EndGlobalSection
	GlobalSection(SolutionProperties) = preSolution
		HideSolutionNode = FALSE
	EndGlobalSection
	GlobalSection(ExtensibilityGlobals) = postSolution
		SolutionGuid = {55A3E077-F816-4529-B622-866C9023D705}
	EndGlobalSection
EndGlobal
