
Microsoft Visual Studio Solution File, Format Version 12.00
# Visual Studio 15
VisualStudioVersion = 15.0.28307.329
MinimumVisualStudioVersion = 10.0.40219.1
Project("{FAE04EC0-301F-11D3-BF4B-00C04F79EFBC}") = "MES.SignalR.Server", "MES.SignalR.Server\MES.SignalR.Server.csproj", "{C7589E20-7353-4CF5-8C5E-0EE8D49F6407}"
EndProject
Global
	GlobalSection(SolutionConfigurationPlatforms) = preSolution
		Debug|Any CPU = Debug|Any CPU
		Release|Any CPU = Release|Any CPU
	EndGlobalSection
	GlobalSection(ProjectConfigurationPlatforms) = postSolution
		{C7589E20-7353-4CF5-8C5E-0EE8D49F6407}.Debug|Any CPU.ActiveCfg = Debug|Any CPU
		{C7589E20-7353-4CF5-8C5E-0EE8D49F6407}.Debug|Any CPU.Build.0 = Debug|Any CPU
		{C7589E20-7353-4CF5-8C5E-0EE8D49F6407}.Release|Any CPU.ActiveCfg = Release|Any CPU
		{C7589E20-7353-4CF5-8C5E-0EE8D49F6407}.Release|Any CPU.Build.0 = Release|Any CPU
	EndGlobalSection
	GlobalSection(SolutionProperties) = preSolution
		HideSolutionNode = FALSE
	EndGlobalSection
	GlobalSection(ExtensibilityGlobals) = postSolution
		SolutionGuid = {EED8B870-9D0B-4F29-8D58-623A0FAF12BB}
	EndGlobalSection
EndGlobal
